
Microsoft Visual Studio Solution File, Format Version 12.00
# Visual Studio 15
VisualStudioVersion = 15.0.27703.1
MinimumVisualStudioVersion = 10.0.40219.1
Project("{FAE04EC0-301F-11D3-BF4B-00C04F79EFBC}") = "Gerenciador.Interface", "Gerenciador.Interface\Gerenciador.Interface.csproj", "{3B3799E3-25CE-487C-A92B-E0055461A0AA}"
EndProject
Project("{FAE04EC0-301F-11D3-BF4B-00C04F79EFBC}") = "Gerenciador.Dal", "Gerenciador.Dal\Gerenciador.Dal.csproj", "{474A3454-3EC6-4C3F-AD24-CA8F24F9DA7D}"
EndProject
Project("{FAE04EC0-301F-11D3-BF4B-00C04F79EFBC}") = "Gerenciador.Entidades", "Gerenciador.Entidades\Gerenciador.Entidades.csproj", "{E4E91B56-F739-4F89-A2EF-1E22FBFBD886}"
EndProject
Project("{FAE04EC0-301F-11D3-BF4B-00C04F79EFBC}") = "Gerenciador.Negocio", "Gerenciador.Negocio\Gerenciador.Negocio.csproj", "{E6C6EECA-2756-4084-80AD-8607A50CF0F4}"
EndProject
Project("{2150E333-8FDC-42A3-9474-1A3956D46DE8}") = "Solution Items", "Solution Items", "{992F6FF6-0F60-4149-9590-C8AEF8602428}"
	ProjectSection(SolutionItems) = preProject
		Repositorio.Dal\Repositorio.Dal.csproj = Repositorio.Dal\Repositorio.Dal.csproj
	EndProjectSection
EndProject
Project("{FAE04EC0-301F-11D3-BF4B-00C04F79EFBC}") = "Repositorio.Dal", "Repositorio.Dal\Repositorio.Dal.csproj", "{013A05F3-F124-48DD-A224-B0B0FDFAC64B}"
EndProject
Global
	GlobalSection(SolutionConfigurationPlatforms) = preSolution
		Debug|Any CPU = Debug|Any CPU
		Release|Any CPU = Release|Any CPU
	EndGlobalSection
	GlobalSection(ProjectConfigurationPlatforms) = postSolution
		{3B3799E3-25CE-487C-A92B-E0055461A0AA}.Debug|Any CPU.ActiveCfg = Debug|Any CPU
		{3B3799E3-25CE-487C-A92B-E0055461A0AA}.Debug|Any CPU.Build.0 = Debug|Any CPU
		{3B3799E3-25CE-487C-A92B-E0055461A0AA}.Release|Any CPU.ActiveCfg = Release|Any CPU
		{3B3799E3-25CE-487C-A92B-E0055461A0AA}.Release|Any CPU.Build.0 = Release|Any CPU
		{474A3454-3EC6-4C3F-AD24-CA8F24F9DA7D}.Debug|Any CPU.ActiveCfg = Debug|Any CPU
		{474A3454-3EC6-4C3F-AD24-CA8F24F9DA7D}.Debug|Any CPU.Build.0 = Debug|Any CPU
		{474A3454-3EC6-4C3F-AD24-CA8F24F9DA7D}.Release|Any CPU.ActiveCfg = Release|Any CPU
		{474A3454-3EC6-4C3F-AD24-CA8F24F9DA7D}.Release|Any CPU.Build.0 = Release|Any CPU
		{E4E91B56-F739-4F89-A2EF-1E22FBFBD886}.Debug|Any CPU.ActiveCfg = Debug|Any CPU
		{E4E91B56-F739-4F89-A2EF-1E22FBFBD886}.Debug|Any CPU.Build.0 = Debug|Any CPU
		{E4E91B56-F739-4F89-A2EF-1E22FBFBD886}.Release|Any CPU.ActiveCfg = Release|Any CPU
		{E4E91B56-F739-4F89-A2EF-1E22FBFBD886}.Release|Any CPU.Build.0 = Release|Any CPU
		{E6C6EECA-2756-4084-80AD-8607A50CF0F4}.Debug|Any CPU.ActiveCfg = Debug|Any CPU
		{E6C6EECA-2756-4084-80AD-8607A50CF0F4}.Debug|Any CPU.Build.0 = Debug|Any CPU
		{E6C6EECA-2756-4084-80AD-8607A50CF0F4}.Release|Any CPU.ActiveCfg = Release|Any CPU
		{E6C6EECA-2756-4084-80AD-8607A50CF0F4}.Release|Any CPU.Build.0 = Release|Any CPU
		{013A05F3-F124-48DD-A224-B0B0FDFAC64B}.Debug|Any CPU.ActiveCfg = Debug|Any CPU
		{013A05F3-F124-48DD-A224-B0B0FDFAC64B}.Debug|Any CPU.Build.0 = Debug|Any CPU
		{013A05F3-F124-48DD-A224-B0B0FDFAC64B}.Release|Any CPU.ActiveCfg = Release|Any CPU
		{013A05F3-F124-48DD-A224-B0B0FDFAC64B}.Release|Any CPU.Build.0 = Release|Any CPU
	EndGlobalSection
	GlobalSection(SolutionProperties) = preSolution
		HideSolutionNode = FALSE
	EndGlobalSection
	GlobalSection(ExtensibilityGlobals) = postSolution
		SolutionGuid = {D0BE255E-D0F4-4229-9A9D-283EFD013BEE}
	EndGlobalSection
	GlobalSection(TeamFoundationVersionControl) = preSolution
		SccNumberOfProjects = 6
		SccEnterpriseProvider = {4CA58AB2-18FA-4F8D-95D4-32DDF27D184C}
		SccTeamFoundationServer = http://inforweb.no-ip.info:8080/tfs/projetos
		SccProjectUniqueName0 = Repositorio.Dal\\Repositorio.Dal.csproj
		SccProjectName0 = Repositorio.Dal
		SccLocalPath0 = Repositorio.Dal
		SccProjectUniqueName1 = Gerenciador.Dal\\Gerenciador.Dal.csproj
		SccProjectName1 = Gerenciador.Dal
		SccLocalPath1 = Gerenciador.Dal
		SccProjectUniqueName2 = Gerenciador.Entidades\\Gerenciador.Entidades.csproj
		SccProjectName2 = Gerenciador.Entidades
		SccLocalPath2 = Gerenciador.Entidades
		SccProjectUniqueName3 = Gerenciador.Negocio\\Gerenciador.Negocio.csproj
		SccProjectName3 = Gerenciador.Negocio
		SccLocalPath3 = Gerenciador.Negocio
		SccLocalPath4 = .
		SccProjectUniqueName5 = Gerenciador.Interface\\Gerenciador.Interface.csproj
		SccProjectName5 = Gerenciador.Interface
		SccLocalPath5 = Gerenciador.Interface
	EndGlobalSection
EndGlobal
